
Microsoft Visual Studio Solution File, Format Version 12.00
# Visual Studio Version 16
VisualStudioVersion = 16.0.30114.105
MinimumVisualStudioVersion = 10.0.40219.1
Project("{FAE04EC0-301F-11D3-BF4B-00C04F79EFBC}") = "Pokemon.Core", "Pokemon.Core\Pokemon.Core.csproj", "{77434550-3C04-4B6B-ACBE-9ACC31D75382}"
EndProject
Project("{FAE04EC0-301F-11D3-BF4B-00C04F79EFBC}") = "Pokemon.Infrastructure", "Pokemon.Infrastructure\Pokemon.Infrastructure.csproj", "{DEA9C1C0-394D-4156-820C-A66FCF253F24}"
EndProject
Project("{FAE04EC0-301F-11D3-BF4B-00C04F79EFBC}") = "Pokemon.XUnitTest", "Pokemon.XUnitTest\Pokemon.XUnitTest.csproj", "{72CAA662-6C45-42E1-A845-41F16141DE78}"
EndProject
Project("{FAE04EC0-301F-11D3-BF4B-00C04F79EFBC}") = "Pokemon.API", "Pokemon.API\Pokemon.API.csproj", "{284AD330-B21E-4CBC-A3EB-394E2B4B54AA}"
EndProject
Global
	GlobalSection(SolutionConfigurationPlatforms) = preSolution
		Debug|Any CPU = Debug|Any CPU
		Release|Any CPU = Release|Any CPU
	EndGlobalSection
	GlobalSection(SolutionProperties) = preSolution
		HideSolutionNode = FALSE
	EndGlobalSection
	GlobalSection(ProjectConfigurationPlatforms) = postSolution
		{77434550-3C04-4B6B-ACBE-9ACC31D75382}.Debug|Any CPU.ActiveCfg = Debug|Any CPU
		{77434550-3C04-4B6B-ACBE-9ACC31D75382}.Debug|Any CPU.Build.0 = Debug|Any CPU
		{77434550-3C04-4B6B-ACBE-9ACC31D75382}.Release|Any CPU.ActiveCfg = Release|Any CPU
		{77434550-3C04-4B6B-ACBE-9ACC31D75382}.Release|Any CPU.Build.0 = Release|Any CPU
		{DEA9C1C0-394D-4156-820C-A66FCF253F24}.Debug|Any CPU.ActiveCfg = Debug|Any CPU
		{DEA9C1C0-394D-4156-820C-A66FCF253F24}.Debug|Any CPU.Build.0 = Debug|Any CPU
		{DEA9C1C0-394D-4156-820C-A66FCF253F24}.Release|Any CPU.ActiveCfg = Release|Any CPU
		{DEA9C1C0-394D-4156-820C-A66FCF253F24}.Release|Any CPU.Build.0 = Release|Any CPU
		{72CAA662-6C45-42E1-A845-41F16141DE78}.Debug|Any CPU.ActiveCfg = Debug|Any CPU
		{72CAA662-6C45-42E1-A845-41F16141DE78}.Debug|Any CPU.Build.0 = Debug|Any CPU
		{72CAA662-6C45-42E1-A845-41F16141DE78}.Release|Any CPU.ActiveCfg = Release|Any CPU
		{72CAA662-6C45-42E1-A845-41F16141DE78}.Release|Any CPU.Build.0 = Release|Any CPU
		{284AD330-B21E-4CBC-A3EB-394E2B4B54AA}.Debug|Any CPU.ActiveCfg = Debug|Any CPU
		{284AD330-B21E-4CBC-A3EB-394E2B4B54AA}.Debug|Any CPU.Build.0 = Debug|Any CPU
		{284AD330-B21E-4CBC-A3EB-394E2B4B54AA}.Release|Any CPU.ActiveCfg = Release|Any CPU
		{284AD330-B21E-4CBC-A3EB-394E2B4B54AA}.Release|Any CPU.Build.0 = Release|Any CPU
	EndGlobalSection
EndGlobal
